
Microsoft Visual Studio Solution File, Format Version 12.00
# Visual Studio Version 17
VisualStudioVersion = 17.9.34902.65
MinimumVisualStudioVersion = 10.0.40219.1
Project("{FAE04EC0-301F-11D3-BF4B-00C04F79EFBC}") = "HomeAssignment", "HomeAssignment.csproj", "{5529BE2B-8704-46A1-9AF9-F7F9F5000F6B}"
EndProject
Global
	GlobalSection(SolutionConfigurationPlatforms) = preSolution
		Debug|Any CPU = Debug|Any CPU
		Release|Any CPU = Release|Any CPU
	EndGlobalSection
	GlobalSection(ProjectConfigurationPlatforms) = postSolution
		{5529BE2B-8704-46A1-9AF9-F7F9F5000F6B}.Debug|Any CPU.ActiveCfg = Debug|Any CPU
		{5529BE2B-8704-46A1-9AF9-F7F9F5000F6B}.Debug|Any CPU.Build.0 = Debug|Any CPU
		{5529BE2B-8704-46A1-9AF9-F7F9F5000F6B}.Release|Any CPU.ActiveCfg = Release|Any CPU
		{5529BE2B-8704-46A1-9AF9-F7F9F5000F6B}.Release|Any CPU.Build.0 = Release|Any CPU
	EndGlobalSection
	GlobalSection(SolutionProperties) = preSolution
		HideSolutionNode = FALSE
	EndGlobalSection
	GlobalSection(ExtensibilityGlobals) = postSolution
		SolutionGuid = {4972033D-4471-4FA6-927D-971943E071EB}
	EndGlobalSection
EndGlobal
